
Microsoft Visual Studio Solution File, Format Version 12.00
# Visual Studio Version 16
VisualStudioVersion = 16.0.31729.503
MinimumVisualStudioVersion = 10.0.40219.1
Project("{FAE04EC0-301F-11D3-BF4B-00C04F79EFBC}") = "Avtr", "Avtr\Avtr.csproj", "{7D37CB83-611F-442A-8FC9-1B00929D2F89}"
EndProject
Global
	GlobalSection(SolutionConfigurationPlatforms) = preSolution
		Debug|Any CPU = Debug|Any CPU
		Release|Any CPU = Release|Any CPU
	EndGlobalSection
	GlobalSection(ProjectConfigurationPlatforms) = postSolution
		{7D37CB83-611F-442A-8FC9-1B00929D2F89}.Debug|Any CPU.ActiveCfg = Debug|Any CPU
		{7D37CB83-611F-442A-8FC9-1B00929D2F89}.Debug|Any CPU.Build.0 = Debug|Any CPU
		{7D37CB83-611F-442A-8FC9-1B00929D2F89}.Release|Any CPU.ActiveCfg = Release|Any CPU
		{7D37CB83-611F-442A-8FC9-1B00929D2F89}.Release|Any CPU.Build.0 = Release|Any CPU
	EndGlobalSection
	GlobalSection(SolutionProperties) = preSolution
		HideSolutionNode = FALSE
	EndGlobalSection
	GlobalSection(ExtensibilityGlobals) = postSolution
		SolutionGuid = {E87A49BA-FFAF-4724-9C9A-4481F68BB57C}
	EndGlobalSection
EndGlobal
